
Microsoft Visual Studio Solution File, Format Version 12.00
# Visual Studio Version 17
VisualStudioVersion = 17.5.33516.290
MinimumVisualStudioVersion = 10.0.40219.1
Project("{FAE04EC0-301F-11D3-BF4B-00C04F79EFBC}") = "testing2", "testing2.csproj", "{8467C090-4E51-4436-8294-0B68A1978481}"
EndProject
Project("{FAE04EC0-301F-11D3-BF4B-00C04F79EFBC}") = "TestProject1", "..\TestProject1\TestProject1.csproj", "{590F2017-347B-4E6B-8187-2739F407C2DD}"
EndProject
Global
	GlobalSection(SolutionConfigurationPlatforms) = preSolution
		Debug|Any CPU = Debug|Any CPU
		Release|Any CPU = Release|Any CPU
	EndGlobalSection
	GlobalSection(ProjectConfigurationPlatforms) = postSolution
		{8467C090-4E51-4436-8294-0B68A1978481}.Debug|Any CPU.ActiveCfg = Debug|Any CPU
		{8467C090-4E51-4436-8294-0B68A1978481}.Debug|Any CPU.Build.0 = Debug|Any CPU
		{8467C090-4E51-4436-8294-0B68A1978481}.Release|Any CPU.ActiveCfg = Release|Any CPU
		{8467C090-4E51-4436-8294-0B68A1978481}.Release|Any CPU.Build.0 = Release|Any CPU
		{590F2017-347B-4E6B-8187-2739F407C2DD}.Debug|Any CPU.ActiveCfg = Debug|Any CPU
		{590F2017-347B-4E6B-8187-2739F407C2DD}.Debug|Any CPU.Build.0 = Debug|Any CPU
		{590F2017-347B-4E6B-8187-2739F407C2DD}.Release|Any CPU.ActiveCfg = Release|Any CPU
		{590F2017-347B-4E6B-8187-2739F407C2DD}.Release|Any CPU.Build.0 = Release|Any CPU
	EndGlobalSection
	GlobalSection(SolutionProperties) = preSolution
		HideSolutionNode = FALSE
	EndGlobalSection
	GlobalSection(ExtensibilityGlobals) = postSolution
		SolutionGuid = {44E52EDC-0700-45BC-8AC3-4DC801234A0A}
	EndGlobalSection
EndGlobal
